
Microsoft Visual Studio Solution File, Format Version 12.00
# Visual Studio 2013
VisualStudioVersion = 12.0.21005.1
MinimumVisualStudioVersion = 10.0.40219.1
Project("{FAE04EC0-301F-11D3-BF4B-00C04F79EFBC}") = "netPING", "netPING\netPING.csproj", "{D95B675F-778F-4FD7-85BB-CBDFCB7737AB}"
EndProject
Project("{FAE04EC0-301F-11D3-BF4B-00C04F79EFBC}") = "setup", "setup\setup.csproj", "{45C5D61A-8349-4264-85A6-10A2E2EC23FA}"
EndProject
Global
	GlobalSection(SolutionConfigurationPlatforms) = preSolution
		Debug|Any CPU = Debug|Any CPU
		Release|Any CPU = Release|Any CPU
	EndGlobalSection
	GlobalSection(ProjectConfigurationPlatforms) = postSolution
		{D95B675F-778F-4FD7-85BB-CBDFCB7737AB}.Debug|Any CPU.ActiveCfg = Debug|Any CPU
		{D95B675F-778F-4FD7-85BB-CBDFCB7737AB}.Debug|Any CPU.Build.0 = Debug|Any CPU
		{D95B675F-778F-4FD7-85BB-CBDFCB7737AB}.Release|Any CPU.ActiveCfg = Release|Any CPU
		{D95B675F-778F-4FD7-85BB-CBDFCB7737AB}.Release|Any CPU.Build.0 = Release|Any CPU
		{45C5D61A-8349-4264-85A6-10A2E2EC23FA}.Debug|Any CPU.ActiveCfg = Debug|Any CPU
		{45C5D61A-8349-4264-85A6-10A2E2EC23FA}.Debug|Any CPU.Build.0 = Debug|Any CPU
		{45C5D61A-8349-4264-85A6-10A2E2EC23FA}.Release|Any CPU.ActiveCfg = Release|Any CPU
		{45C5D61A-8349-4264-85A6-10A2E2EC23FA}.Release|Any CPU.Build.0 = Release|Any CPU
	EndGlobalSection
	GlobalSection(SolutionProperties) = preSolution
		HideSolutionNode = FALSE
	EndGlobalSection
EndGlobal
